
Microsoft Visual Studio Solution File, Format Version 12.00
# Visual Studio Version 17
VisualStudioVersion = 17.12.35527.113 d17.12
MinimumVisualStudioVersion = 10.0.40219.1
Project("{FAE04EC0-301F-11D3-BF4B-00C04F79EFBC}") = "HospitalManagement.API", "HospitalManagement.API\HospitalManagement.API.csproj", "{B468B587-43B1-4AF0-8138-E031E33D5261}"
EndProject
Project("{FAE04EC0-301F-11D3-BF4B-00C04F79EFBC}") = "HospitalManagement.BL", "HospitalManagement.BL\HospitalManagement.BL.csproj", "{33DE3E9D-C743-46BB-ACF2-AE9C32845AD2}"
EndProject
Project("{FAE04EC0-301F-11D3-BF4B-00C04F79EFBC}") = "HospitalManagement.DAL", "HospitalManagement.DAL\HospitalManagement.DAL.csproj", "{C90C921F-CB5D-4215-BF81-06FA57F3FB1F}"
EndProject
Project("{FAE04EC0-301F-11D3-BF4B-00C04F79EFBC}") = "HospitalManagement.Core", "HospitalManagement.Core\HospitalManagement.Core.csproj", "{2E8AD072-8140-487E-8882-931B9AD9D4D1}"
EndProject
Global
	GlobalSection(SolutionConfigurationPlatforms) = preSolution
		Debug|Any CPU = Debug|Any CPU
		Release|Any CPU = Release|Any CPU
	EndGlobalSection
	GlobalSection(ProjectConfigurationPlatforms) = postSolution
		{B468B587-43B1-4AF0-8138-E031E33D5261}.Debug|Any CPU.ActiveCfg = Debug|Any CPU
		{B468B587-43B1-4AF0-8138-E031E33D5261}.Debug|Any CPU.Build.0 = Debug|Any CPU
		{B468B587-43B1-4AF0-8138-E031E33D5261}.Release|Any CPU.ActiveCfg = Release|Any CPU
		{B468B587-43B1-4AF0-8138-E031E33D5261}.Release|Any CPU.Build.0 = Release|Any CPU
		{33DE3E9D-C743-46BB-ACF2-AE9C32845AD2}.Debug|Any CPU.ActiveCfg = Debug|Any CPU
		{33DE3E9D-C743-46BB-ACF2-AE9C32845AD2}.Debug|Any CPU.Build.0 = Debug|Any CPU
		{33DE3E9D-C743-46BB-ACF2-AE9C32845AD2}.Release|Any CPU.ActiveCfg = Release|Any CPU
		{33DE3E9D-C743-46BB-ACF2-AE9C32845AD2}.Release|Any CPU.Build.0 = Release|Any CPU
		{C90C921F-CB5D-4215-BF81-06FA57F3FB1F}.Debug|Any CPU.ActiveCfg = Debug|Any CPU
		{C90C921F-CB5D-4215-BF81-06FA57F3FB1F}.Debug|Any CPU.Build.0 = Debug|Any CPU
		{C90C921F-CB5D-4215-BF81-06FA57F3FB1F}.Release|Any CPU.ActiveCfg = Release|Any CPU
		{C90C921F-CB5D-4215-BF81-06FA57F3FB1F}.Release|Any CPU.Build.0 = Release|Any CPU
		{2E8AD072-8140-487E-8882-931B9AD9D4D1}.Debug|Any CPU.ActiveCfg = Debug|Any CPU
		{2E8AD072-8140-487E-8882-931B9AD9D4D1}.Debug|Any CPU.Build.0 = Debug|Any CPU
		{2E8AD072-8140-487E-8882-931B9AD9D4D1}.Release|Any CPU.ActiveCfg = Release|Any CPU
		{2E8AD072-8140-487E-8882-931B9AD9D4D1}.Release|Any CPU.Build.0 = Release|Any CPU
	EndGlobalSection
	GlobalSection(SolutionProperties) = preSolution
		HideSolutionNode = FALSE
	EndGlobalSection
EndGlobal
