
Microsoft Visual Studio Solution File, Format Version 12.00
# Visual Studio Version 17
VisualStudioVersion = 17.11.35312.102
MinimumVisualStudioVersion = 10.0.40219.1
Project("{FAE04EC0-301F-11D3-BF4B-00C04F79EFBC}") = "WorkShop.API", "WorkShop.API\WorkShop.API.csproj", "{8F55E803-7DFE-40DA-BF7F-B8DDAA92746A}"
EndProject
Project("{FAE04EC0-301F-11D3-BF4B-00C04F79EFBC}") = "WorksShop.DAL", "WorksShop.DAL\WorksShop.DAL.csproj", "{99B65A8A-5346-439A-96E6-3A13412D7DB6}"
EndProject
Project("{FAE04EC0-301F-11D3-BF4B-00C04F79EFBC}") = "WorksShop.BL", "WorksShop.BL\WorksShop.BL.csproj", "{16364ECD-8746-475B-8781-6FFD04FBD90E}"
EndProject
Project("{FAE04EC0-301F-11D3-BF4B-00C04F79EFBC}") = "WorksShop.Core", "WorksShop.Core\WorksShop.Core.csproj", "{FA49CC59-3F7E-4CFB-9889-506A4065A912}"
EndProject
Global
	GlobalSection(SolutionConfigurationPlatforms) = preSolution
		Debug|Any CPU = Debug|Any CPU
		Release|Any CPU = Release|Any CPU
	EndGlobalSection
	GlobalSection(ProjectConfigurationPlatforms) = postSolution
		{8F55E803-7DFE-40DA-BF7F-B8DDAA92746A}.Debug|Any CPU.ActiveCfg = Debug|Any CPU
		{8F55E803-7DFE-40DA-BF7F-B8DDAA92746A}.Debug|Any CPU.Build.0 = Debug|Any CPU
		{8F55E803-7DFE-40DA-BF7F-B8DDAA92746A}.Release|Any CPU.ActiveCfg = Release|Any CPU
		{8F55E803-7DFE-40DA-BF7F-B8DDAA92746A}.Release|Any CPU.Build.0 = Release|Any CPU
		{99B65A8A-5346-439A-96E6-3A13412D7DB6}.Debug|Any CPU.ActiveCfg = Debug|Any CPU
		{99B65A8A-5346-439A-96E6-3A13412D7DB6}.Debug|Any CPU.Build.0 = Debug|Any CPU
		{99B65A8A-5346-439A-96E6-3A13412D7DB6}.Release|Any CPU.ActiveCfg = Release|Any CPU
		{99B65A8A-5346-439A-96E6-3A13412D7DB6}.Release|Any CPU.Build.0 = Release|Any CPU
		{16364ECD-8746-475B-8781-6FFD04FBD90E}.Debug|Any CPU.ActiveCfg = Debug|Any CPU
		{16364ECD-8746-475B-8781-6FFD04FBD90E}.Debug|Any CPU.Build.0 = Debug|Any CPU
		{16364ECD-8746-475B-8781-6FFD04FBD90E}.Release|Any CPU.ActiveCfg = Release|Any CPU
		{16364ECD-8746-475B-8781-6FFD04FBD90E}.Release|Any CPU.Build.0 = Release|Any CPU
		{FA49CC59-3F7E-4CFB-9889-506A4065A912}.Debug|Any CPU.ActiveCfg = Debug|Any CPU
		{FA49CC59-3F7E-4CFB-9889-506A4065A912}.Debug|Any CPU.Build.0 = Debug|Any CPU
		{FA49CC59-3F7E-4CFB-9889-506A4065A912}.Release|Any CPU.ActiveCfg = Release|Any CPU
		{FA49CC59-3F7E-4CFB-9889-506A4065A912}.Release|Any CPU.Build.0 = Release|Any CPU
	EndGlobalSection
	GlobalSection(SolutionProperties) = preSolution
		HideSolutionNode = FALSE
	EndGlobalSection
	GlobalSection(ExtensibilityGlobals) = postSolution
		SolutionGuid = {5863C198-AB96-429A-8EC6-4CBE80A0F097}
	EndGlobalSection
EndGlobal
